
Microsoft Visual Studio Solution File, Format Version 12.00
# Visual Studio 2012
Project("{FAE04EC0-301F-11D3-BF4B-00C04F79EFBC}") = "Sumerics", "Sumerics\Sumerics.csproj", "{936CED45-07A3-47F7-8FF1-B6D2C456CC6A}"
	ProjectSection(ProjectDependencies) = postProject
		{6DD14A85-CCFC-4774-BD26-0F5772512319} = {6DD14A85-CCFC-4774-BD26-0F5772512319}
		{698CCD8E-ADCC-4565-8517-5EDD36F07155} = {698CCD8E-ADCC-4565-8517-5EDD36F07155}
	EndProjectSection
EndProject
Project("{FAE04EC0-301F-11D3-BF4B-00C04F79EFBC}") = "YAMPSensors", "YAMPSensors\YAMPSensors.csproj", "{764A5FE6-5866-4855-AC96-D380B9E88306}"
EndProject
Project("{FAE04EC0-301F-11D3-BF4B-00C04F79EFBC}") = "Sumerics.UserControls", "Sumerics.UserControls\Sumerics.UserControls.csproj", "{87AE97E6-F957-441B-9315-CADEA63A847D}"
	ProjectSection(ProjectDependencies) = postProject
		{38EE1803-0F43-4EB3-9322-00A936F41548} = {38EE1803-0F43-4EB3-9322-00A936F41548}
		{698CCD8E-ADCC-4565-8517-5EDD36F07155} = {698CCD8E-ADCC-4565-8517-5EDD36F07155}
	EndProjectSection
EndProject
Project("{FAE04EC0-301F-11D3-BF4B-00C04F79EFBC}") = "Sumerics.Scripts", "Sumerics.Scripts\Sumerics.Scripts.csproj", "{BE7752EF-094A-4AE3-836F-4E8689D51C2F}"
EndProject
Project("{FAE04EC0-301F-11D3-BF4B-00C04F79EFBC}") = "Sumerics.Console", "Sumerics.Console\Sumerics.Console.csproj", "{6DD14A85-CCFC-4774-BD26-0F5772512319}"
EndProject
Project("{FAE04EC0-301F-11D3-BF4B-00C04F79EFBC}") = "Sumerics.Plots", "Sumerics.Plots\Sumerics.Plots.csproj", "{698CCD8E-ADCC-4565-8517-5EDD36F07155}"
	ProjectSection(ProjectDependencies) = postProject
		{87F519B8-5A2F-48C6-AD53-C5F13A82EA6B} = {87F519B8-5A2F-48C6-AD53-C5F13A82EA6B}
	EndProjectSection
EndProject
Project("{FAE04EC0-301F-11D3-BF4B-00C04F79EFBC}") = "OxyPlot", "OxyPlot\OxyPlot.csproj", "{87F519B8-5A2F-48C6-AD53-C5F13A82EA6B}"
EndProject
Project("{FAE04EC0-301F-11D3-BF4B-00C04F79EFBC}") = "Sumerics.Plots3D", "Sumerics.Plots3D\Sumerics.Plots3D.csproj", "{38EE1803-0F43-4EB3-9322-00A936F41548}"
EndProject
Project("{FAE04EC0-301F-11D3-BF4B-00C04F79EFBC}") = "YAMP.Core", "YAMP.Core\YAMP.Core.csproj", "{09BF8F58-1691-41A0-94CB-FBA0BDFE30A3}"
EndProject
Project("{FAE04EC0-301F-11D3-BF4B-00C04F79EFBC}") = "YAMP.Plotting", "YAMP.Plotting\YAMP.Plotting.csproj", "{461D76A9-AF76-4297-BA44-4CA4B878AD36}"
EndProject
Project("{FAE04EC0-301F-11D3-BF4B-00C04F79EFBC}") = "YAMP.Statistics", "YAMP.Statistics\YAMP.Statistics.csproj", "{233FE55B-768E-4AB0-93F0-903E90429477}"
EndProject
Project("{FAE04EC0-301F-11D3-BF4B-00C04F79EFBC}") = "YAMPerception", "YAMPerception\YAMPerception.csproj", "{158AEA6B-24D7-4D9B-A6EC-08FD8B9B5011}"
EndProject
Project("{FAE04EC0-301F-11D3-BF4B-00C04F79EFBC}") = "YAMP.LinearAlgebra", "YAMP.LinearAlgebra\YAMP.LinearAlgebra.csproj", "{8405F81C-3889-4AA0-BF46-9F17EB5B12CF}"
EndProject
Project("{FAE04EC0-301F-11D3-BF4B-00C04F79EFBC}") = "YAMP.Physics", "YAMP.Physics\YAMP.Physics.csproj", "{149AFC43-83EF-4549-B582-92C69456E12F}"
EndProject
Global
	GlobalSection(SolutionConfigurationPlatforms) = preSolution
		AppUp|Any CPU = AppUp|Any CPU
		AppUp|x64 = AppUp|x64
		AppUp|x86 = AppUp|x86
		Debug|Any CPU = Debug|Any CPU
		Debug|x64 = Debug|x64
		Debug|x86 = Debug|x86
		Release|Any CPU = Release|Any CPU
		Release|x64 = Release|x64
		Release|x86 = Release|x86
	EndGlobalSection
	GlobalSection(ProjectConfigurationPlatforms) = postSolution
		{936CED45-07A3-47F7-8FF1-B6D2C456CC6A}.AppUp|Any CPU.ActiveCfg = AppUp|Any CPU
		{936CED45-07A3-47F7-8FF1-B6D2C456CC6A}.AppUp|Any CPU.Build.0 = AppUp|Any CPU
		{936CED45-07A3-47F7-8FF1-B6D2C456CC6A}.AppUp|x64.ActiveCfg = AppUp|x64
		{936CED45-07A3-47F7-8FF1-B6D2C456CC6A}.AppUp|x64.Build.0 = AppUp|x64
		{936CED45-07A3-47F7-8FF1-B6D2C456CC6A}.AppUp|x86.ActiveCfg = AppUp|x86
		{936CED45-07A3-47F7-8FF1-B6D2C456CC6A}.AppUp|x86.Build.0 = AppUp|x86
		{936CED45-07A3-47F7-8FF1-B6D2C456CC6A}.Debug|Any CPU.ActiveCfg = Debug|Any CPU
		{936CED45-07A3-47F7-8FF1-B6D2C456CC6A}.Debug|Any CPU.Build.0 = Debug|Any CPU
		{936CED45-07A3-47F7-8FF1-B6D2C456CC6A}.Debug|x64.ActiveCfg = Debug|x64
		{936CED45-07A3-47F7-8FF1-B6D2C456CC6A}.Debug|x64.Build.0 = Debug|x64
		{936CED45-07A3-47F7-8FF1-B6D2C456CC6A}.Debug|x86.ActiveCfg = Debug|x86
		{936CED45-07A3-47F7-8FF1-B6D2C456CC6A}.Debug|x86.Build.0 = Debug|x86
		{936CED45-07A3-47F7-8FF1-B6D2C456CC6A}.Release|Any CPU.ActiveCfg = Release|Any CPU
		{936CED45-07A3-47F7-8FF1-B6D2C456CC6A}.Release|Any CPU.Build.0 = Release|Any CPU
		{936CED45-07A3-47F7-8FF1-B6D2C456CC6A}.Release|x64.ActiveCfg = Release|x64
		{936CED45-07A3-47F7-8FF1-B6D2C456CC6A}.Release|x64.Build.0 = Release|x64
		{936CED45-07A3-47F7-8FF1-B6D2C456CC6A}.Release|x86.ActiveCfg = Release|x86
		{936CED45-07A3-47F7-8FF1-B6D2C456CC6A}.Release|x86.Build.0 = Release|x86
		{764A5FE6-5866-4855-AC96-D380B9E88306}.AppUp|Any CPU.ActiveCfg = AppUp|Any CPU
		{764A5FE6-5866-4855-AC96-D380B9E88306}.AppUp|Any CPU.Build.0 = AppUp|Any CPU
		{764A5FE6-5866-4855-AC96-D380B9E88306}.AppUp|x64.ActiveCfg = AppUp|x64
		{764A5FE6-5866-4855-AC96-D380B9E88306}.AppUp|x64.Build.0 = AppUp|x64
		{764A5FE6-5866-4855-AC96-D380B9E88306}.AppUp|x86.ActiveCfg = AppUp|x86
		{764A5FE6-5866-4855-AC96-D380B9E88306}.AppUp|x86.Build.0 = AppUp|x86
		{764A5FE6-5866-4855-AC96-D380B9E88306}.Debug|Any CPU.ActiveCfg = Debug|Any CPU
		{764A5FE6-5866-4855-AC96-D380B9E88306}.Debug|Any CPU.Build.0 = Debug|Any CPU
		{764A5FE6-5866-4855-AC96-D380B9E88306}.Debug|x64.ActiveCfg = Debug|x64
		{764A5FE6-5866-4855-AC96-D380B9E88306}.Debug|x64.Build.0 = Debug|x64
		{764A5FE6-5866-4855-AC96-D380B9E88306}.Debug|x86.ActiveCfg = Debug|x86
		{764A5FE6-5866-4855-AC96-D380B9E88306}.Debug|x86.Build.0 = Debug|x86
		{764A5FE6-5866-4855-AC96-D380B9E88306}.Release|Any CPU.ActiveCfg = Release|Any CPU
		{764A5FE6-5866-4855-AC96-D380B9E88306}.Release|Any CPU.Build.0 = Release|Any CPU
		{764A5FE6-5866-4855-AC96-D380B9E88306}.Release|x64.ActiveCfg = Release|x64
		{764A5FE6-5866-4855-AC96-D380B9E88306}.Release|x64.Build.0 = Release|x64
		{764A5FE6-5866-4855-AC96-D380B9E88306}.Release|x86.ActiveCfg = Release|x86
		{764A5FE6-5866-4855-AC96-D380B9E88306}.Release|x86.Build.0 = Release|x86
		{87AE97E6-F957-441B-9315-CADEA63A847D}.AppUp|Any CPU.ActiveCfg = AppUp|Any CPU
		{87AE97E6-F957-441B-9315-CADEA63A847D}.AppUp|Any CPU.Build.0 = AppUp|Any CPU
		{87AE97E6-F957-441B-9315-CADEA63A847D}.AppUp|x64.ActiveCfg = AppUp|x64
		{87AE97E6-F957-441B-9315-CADEA63A847D}.AppUp|x64.Build.0 = AppUp|x64
		{87AE97E6-F957-441B-9315-CADEA63A847D}.AppUp|x86.ActiveCfg = AppUp|x86
		{87AE97E6-F957-441B-9315-CADEA63A847D}.AppUp|x86.Build.0 = AppUp|x86
		{87AE97E6-F957-441B-9315-CADEA63A847D}.Debug|Any CPU.ActiveCfg = Debug|Any CPU
		{87AE97E6-F957-441B-9315-CADEA63A847D}.Debug|Any CPU.Build.0 = Debug|Any CPU
		{87AE97E6-F957-441B-9315-CADEA63A847D}.Debug|x64.ActiveCfg = Debug|x64
		{87AE97E6-F957-441B-9315-CADEA63A847D}.Debug|x64.Build.0 = Debug|x64
		{87AE97E6-F957-441B-9315-CADEA63A847D}.Debug|x86.ActiveCfg = Debug|x86
		{87AE97E6-F957-441B-9315-CADEA63A847D}.Debug|x86.Build.0 = Debug|x86
		{87AE97E6-F957-441B-9315-CADEA63A847D}.Release|Any CPU.ActiveCfg = Release|Any CPU
		{87AE97E6-F957-441B-9315-CADEA63A847D}.Release|Any CPU.Build.0 = Release|Any CPU
		{87AE97E6-F957-441B-9315-CADEA63A847D}.Release|x64.ActiveCfg = Release|x64
		{87AE97E6-F957-441B-9315-CADEA63A847D}.Release|x64.Build.0 = Release|x64
		{87AE97E6-F957-441B-9315-CADEA63A847D}.Release|x86.ActiveCfg = Release|x86
		{87AE97E6-F957-441B-9315-CADEA63A847D}.Release|x86.Build.0 = Release|x86
		{BE7752EF-094A-4AE3-836F-4E8689D51C2F}.AppUp|Any CPU.ActiveCfg = AppUp|Any CPU
		{BE7752EF-094A-4AE3-836F-4E8689D51C2F}.AppUp|Any CPU.Build.0 = AppUp|Any CPU
		{BE7752EF-094A-4AE3-836F-4E8689D51C2F}.AppUp|x64.ActiveCfg = AppUp|x64
		{BE7752EF-094A-4AE3-836F-4E8689D51C2F}.AppUp|x64.Build.0 = AppUp|x64
		{BE7752EF-094A-4AE3-836F-4E8689D51C2F}.AppUp|x86.ActiveCfg = AppUp|x86
		{BE7752EF-094A-4AE3-836F-4E8689D51C2F}.AppUp|x86.Build.0 = AppUp|x86
		{BE7752EF-094A-4AE3-836F-4E8689D51C2F}.Debug|Any CPU.ActiveCfg = Debug|Any CPU
		{BE7752EF-094A-4AE3-836F-4E8689D51C2F}.Debug|Any CPU.Build.0 = Debug|Any CPU
		{BE7752EF-094A-4AE3-836F-4E8689D51C2F}.Debug|x64.ActiveCfg = Debug|x64
		{BE7752EF-094A-4AE3-836F-4E8689D51C2F}.Debug|x64.Build.0 = Debug|x64
		{BE7752EF-094A-4AE3-836F-4E8689D51C2F}.Debug|x86.ActiveCfg = Debug|x86
		{BE7752EF-094A-4AE3-836F-4E8689D51C2F}.Debug|x86.Build.0 = Debug|x86
		{BE7752EF-094A-4AE3-836F-4E8689D51C2F}.Release|Any CPU.ActiveCfg = Release|Any CPU
		{BE7752EF-094A-4AE3-836F-4E8689D51C2F}.Release|Any CPU.Build.0 = Release|Any CPU
		{BE7752EF-094A-4AE3-836F-4E8689D51C2F}.Release|x64.ActiveCfg = Release|x64
		{BE7752EF-094A-4AE3-836F-4E8689D51C2F}.Release|x64.Build.0 = Release|x64
		{BE7752EF-094A-4AE3-836F-4E8689D51C2F}.Release|x86.ActiveCfg = Release|x86
		{BE7752EF-094A-4AE3-836F-4E8689D51C2F}.Release|x86.Build.0 = Release|x86
		{6DD14A85-CCFC-4774-BD26-0F5772512319}.AppUp|Any CPU.ActiveCfg = Release|Any CPU
		{6DD14A85-CCFC-4774-BD26-0F5772512319}.AppUp|Any CPU.Build.0 = Release|Any CPU
		{6DD14A85-CCFC-4774-BD26-0F5772512319}.AppUp|x64.ActiveCfg = Release|x64
		{6DD14A85-CCFC-4774-BD26-0F5772512319}.AppUp|x64.Build.0 = Release|x64
		{6DD14A85-CCFC-4774-BD26-0F5772512319}.AppUp|x86.ActiveCfg = Release|x86
		{6DD14A85-CCFC-4774-BD26-0F5772512319}.AppUp|x86.Build.0 = Release|x86
		{6DD14A85-CCFC-4774-BD26-0F5772512319}.Debug|Any CPU.ActiveCfg = Debug|Any CPU
		{6DD14A85-CCFC-4774-BD26-0F5772512319}.Debug|Any CPU.Build.0 = Debug|Any CPU
		{6DD14A85-CCFC-4774-BD26-0F5772512319}.Debug|x64.ActiveCfg = Debug|x64
		{6DD14A85-CCFC-4774-BD26-0F5772512319}.Debug|x64.Build.0 = Debug|x64
		{6DD14A85-CCFC-4774-BD26-0F5772512319}.Debug|x86.ActiveCfg = Debug|x86
		{6DD14A85-CCFC-4774-BD26-0F5772512319}.Debug|x86.Build.0 = Debug|x86
		{6DD14A85-CCFC-4774-BD26-0F5772512319}.Release|Any CPU.ActiveCfg = Release|Any CPU
		{6DD14A85-CCFC-4774-BD26-0F5772512319}.Release|Any CPU.Build.0 = Release|Any CPU
		{6DD14A85-CCFC-4774-BD26-0F5772512319}.Release|x64.ActiveCfg = Release|x64
		{6DD14A85-CCFC-4774-BD26-0F5772512319}.Release|x64.Build.0 = Release|x64
		{6DD14A85-CCFC-4774-BD26-0F5772512319}.Release|x86.ActiveCfg = Release|x86
		{6DD14A85-CCFC-4774-BD26-0F5772512319}.Release|x86.Build.0 = Release|x86
		{698CCD8E-ADCC-4565-8517-5EDD36F07155}.AppUp|Any CPU.ActiveCfg = Release|Any CPU
		{698CCD8E-ADCC-4565-8517-5EDD36F07155}.AppUp|Any CPU.Build.0 = Release|Any CPU
		{698CCD8E-ADCC-4565-8517-5EDD36F07155}.AppUp|x64.ActiveCfg = Release|x64
		{698CCD8E-ADCC-4565-8517-5EDD36F07155}.AppUp|x64.Build.0 = Release|x64
		{698CCD8E-ADCC-4565-8517-5EDD36F07155}.AppUp|x86.ActiveCfg = Release|x86
		{698CCD8E-ADCC-4565-8517-5EDD36F07155}.AppUp|x86.Build.0 = Release|x86
		{698CCD8E-ADCC-4565-8517-5EDD36F07155}.Debug|Any CPU.ActiveCfg = Debug|Any CPU
		{698CCD8E-ADCC-4565-8517-5EDD36F07155}.Debug|Any CPU.Build.0 = Debug|Any CPU
		{698CCD8E-ADCC-4565-8517-5EDD36F07155}.Debug|x64.ActiveCfg = Debug|x64
		{698CCD8E-ADCC-4565-8517-5EDD36F07155}.Debug|x64.Build.0 = Debug|x64
		{698CCD8E-ADCC-4565-8517-5EDD36F07155}.Debug|x86.ActiveCfg = Debug|x86
		{698CCD8E-ADCC-4565-8517-5EDD36F07155}.Debug|x86.Build.0 = Debug|x86
		{698CCD8E-ADCC-4565-8517-5EDD36F07155}.Release|Any CPU.ActiveCfg = Release|Any CPU
		{698CCD8E-ADCC-4565-8517-5EDD36F07155}.Release|Any CPU.Build.0 = Release|Any CPU
		{698CCD8E-ADCC-4565-8517-5EDD36F07155}.Release|x64.ActiveCfg = Release|x64
		{698CCD8E-ADCC-4565-8517-5EDD36F07155}.Release|x64.Build.0 = Release|x64
		{698CCD8E-ADCC-4565-8517-5EDD36F07155}.Release|x86.ActiveCfg = Release|x86
		{698CCD8E-ADCC-4565-8517-5EDD36F07155}.Release|x86.Build.0 = Release|x86
		{87F519B8-5A2F-48C6-AD53-C5F13A82EA6B}.AppUp|Any CPU.ActiveCfg = Release|Any CPU
		{87F519B8-5A2F-48C6-AD53-C5F13A82EA6B}.AppUp|Any CPU.Build.0 = Release|Any CPU
		{87F519B8-5A2F-48C6-AD53-C5F13A82EA6B}.AppUp|x64.ActiveCfg = Release|x64
		{87F519B8-5A2F-48C6-AD53-C5F13A82EA6B}.AppUp|x64.Build.0 = Release|x64
		{87F519B8-5A2F-48C6-AD53-C5F13A82EA6B}.AppUp|x86.ActiveCfg = Release|x86
		{87F519B8-5A2F-48C6-AD53-C5F13A82EA6B}.AppUp|x86.Build.0 = Release|x86
		{87F519B8-5A2F-48C6-AD53-C5F13A82EA6B}.Debug|Any CPU.ActiveCfg = Debug|Any CPU
		{87F519B8-5A2F-48C6-AD53-C5F13A82EA6B}.Debug|Any CPU.Build.0 = Debug|Any CPU
		{87F519B8-5A2F-48C6-AD53-C5F13A82EA6B}.Debug|x64.ActiveCfg = Debug|x64
		{87F519B8-5A2F-48C6-AD53-C5F13A82EA6B}.Debug|x64.Build.0 = Debug|x64
		{87F519B8-5A2F-48C6-AD53-C5F13A82EA6B}.Debug|x86.ActiveCfg = Debug|x86
		{87F519B8-5A2F-48C6-AD53-C5F13A82EA6B}.Debug|x86.Build.0 = Debug|x86
		{87F519B8-5A2F-48C6-AD53-C5F13A82EA6B}.Release|Any CPU.ActiveCfg = Release|Any CPU
		{87F519B8-5A2F-48C6-AD53-C5F13A82EA6B}.Release|Any CPU.Build.0 = Release|Any CPU
		{87F519B8-5A2F-48C6-AD53-C5F13A82EA6B}.Release|x64.ActiveCfg = Release|x64
		{87F519B8-5A2F-48C6-AD53-C5F13A82EA6B}.Release|x64.Build.0 = Release|x64
		{87F519B8-5A2F-48C6-AD53-C5F13A82EA6B}.Release|x86.ActiveCfg = Release|x86
		{87F519B8-5A2F-48C6-AD53-C5F13A82EA6B}.Release|x86.Build.0 = Release|x86
		{38EE1803-0F43-4EB3-9322-00A936F41548}.AppUp|Any CPU.ActiveCfg = Release|Any CPU
		{38EE1803-0F43-4EB3-9322-00A936F41548}.AppUp|Any CPU.Build.0 = Release|Any CPU
		{38EE1803-0F43-4EB3-9322-00A936F41548}.AppUp|x64.ActiveCfg = Release|x64
		{38EE1803-0F43-4EB3-9322-00A936F41548}.AppUp|x64.Build.0 = Release|x64
		{38EE1803-0F43-4EB3-9322-00A936F41548}.AppUp|x86.ActiveCfg = Release|x86
		{38EE1803-0F43-4EB3-9322-00A936F41548}.AppUp|x86.Build.0 = Release|x86
		{38EE1803-0F43-4EB3-9322-00A936F41548}.Debug|Any CPU.ActiveCfg = Debug|Any CPU
		{38EE1803-0F43-4EB3-9322-00A936F41548}.Debug|Any CPU.Build.0 = Debug|Any CPU
		{38EE1803-0F43-4EB3-9322-00A936F41548}.Debug|x64.ActiveCfg = Debug|x64
		{38EE1803-0F43-4EB3-9322-00A936F41548}.Debug|x64.Build.0 = Debug|x64
		{38EE1803-0F43-4EB3-9322-00A936F41548}.Debug|x86.ActiveCfg = Debug|x86
		{38EE1803-0F43-4EB3-9322-00A936F41548}.Debug|x86.Build.0 = Debug|x86
		{38EE1803-0F43-4EB3-9322-00A936F41548}.Release|Any CPU.ActiveCfg = Release|Any CPU
		{38EE1803-0F43-4EB3-9322-00A936F41548}.Release|Any CPU.Build.0 = Release|Any CPU
		{38EE1803-0F43-4EB3-9322-00A936F41548}.Release|x64.ActiveCfg = Release|x64
		{38EE1803-0F43-4EB3-9322-00A936F41548}.Release|x64.Build.0 = Release|x64
		{38EE1803-0F43-4EB3-9322-00A936F41548}.Release|x86.ActiveCfg = Release|x86
		{38EE1803-0F43-4EB3-9322-00A936F41548}.Release|x86.Build.0 = Release|x86
		{09BF8F58-1691-41A0-94CB-FBA0BDFE30A3}.AppUp|Any CPU.ActiveCfg = Release|Any CPU
		{09BF8F58-1691-41A0-94CB-FBA0BDFE30A3}.AppUp|Any CPU.Build.0 = Release|Any CPU
		{09BF8F58-1691-41A0-94CB-FBA0BDFE30A3}.AppUp|x64.ActiveCfg = Debug|Any CPU
		{09BF8F58-1691-41A0-94CB-FBA0BDFE30A3}.AppUp|x86.ActiveCfg = Debug|Any CPU
		{09BF8F58-1691-41A0-94CB-FBA0BDFE30A3}.Debug|Any CPU.ActiveCfg = Debug|Any CPU
		{09BF8F58-1691-41A0-94CB-FBA0BDFE30A3}.Debug|Any CPU.Build.0 = Debug|Any CPU
		{09BF8F58-1691-41A0-94CB-FBA0BDFE30A3}.Debug|x64.ActiveCfg = Debug|Any CPU
		{09BF8F58-1691-41A0-94CB-FBA0BDFE30A3}.Debug|x86.ActiveCfg = Debug|Any CPU
		{09BF8F58-1691-41A0-94CB-FBA0BDFE30A3}.Release|Any CPU.ActiveCfg = Release|Any CPU
		{09BF8F58-1691-41A0-94CB-FBA0BDFE30A3}.Release|Any CPU.Build.0 = Release|Any CPU
		{09BF8F58-1691-41A0-94CB-FBA0BDFE30A3}.Release|x64.ActiveCfg = Release|Any CPU
		{09BF8F58-1691-41A0-94CB-FBA0BDFE30A3}.Release|x86.ActiveCfg = Release|Any CPU
		{461D76A9-AF76-4297-BA44-4CA4B878AD36}.AppUp|Any CPU.ActiveCfg = Release|Any CPU
		{461D76A9-AF76-4297-BA44-4CA4B878AD36}.AppUp|Any CPU.Build.0 = Release|Any CPU
		{461D76A9-AF76-4297-BA44-4CA4B878AD36}.AppUp|x64.ActiveCfg = Debug|Any CPU
		{461D76A9-AF76-4297-BA44-4CA4B878AD36}.AppUp|x86.ActiveCfg = Debug|Any CPU
		{461D76A9-AF76-4297-BA44-4CA4B878AD36}.Debug|Any CPU.ActiveCfg = Debug|Any CPU
		{461D76A9-AF76-4297-BA44-4CA4B878AD36}.Debug|Any CPU.Build.0 = Debug|Any CPU
		{461D76A9-AF76-4297-BA44-4CA4B878AD36}.Debug|x64.ActiveCfg = Debug|Any CPU
		{461D76A9-AF76-4297-BA44-4CA4B878AD36}.Debug|x86.ActiveCfg = Debug|Any CPU
		{461D76A9-AF76-4297-BA44-4CA4B878AD36}.Release|Any CPU.ActiveCfg = Release|Any CPU
		{461D76A9-AF76-4297-BA44-4CA4B878AD36}.Release|Any CPU.Build.0 = Release|Any CPU
		{461D76A9-AF76-4297-BA44-4CA4B878AD36}.Release|x64.ActiveCfg = Release|Any CPU
		{461D76A9-AF76-4297-BA44-4CA4B878AD36}.Release|x86.ActiveCfg = Release|Any CPU
		{233FE55B-768E-4AB0-93F0-903E90429477}.AppUp|Any CPU.ActiveCfg = Release|Any CPU
		{233FE55B-768E-4AB0-93F0-903E90429477}.AppUp|Any CPU.Build.0 = Release|Any CPU
		{233FE55B-768E-4AB0-93F0-903E90429477}.AppUp|x64.ActiveCfg = Debug|Any CPU
		{233FE55B-768E-4AB0-93F0-903E90429477}.AppUp|x86.ActiveCfg = Debug|Any CPU
		{233FE55B-768E-4AB0-93F0-903E90429477}.Debug|Any CPU.ActiveCfg = Debug|Any CPU
		{233FE55B-768E-4AB0-93F0-903E90429477}.Debug|Any CPU.Build.0 = Debug|Any CPU
		{233FE55B-768E-4AB0-93F0-903E90429477}.Debug|x64.ActiveCfg = Debug|Any CPU
		{233FE55B-768E-4AB0-93F0-903E90429477}.Debug|x86.ActiveCfg = Debug|Any CPU
		{233FE55B-768E-4AB0-93F0-903E90429477}.Release|Any CPU.ActiveCfg = Release|Any CPU
		{233FE55B-768E-4AB0-93F0-903E90429477}.Release|Any CPU.Build.0 = Release|Any CPU
		{233FE55B-768E-4AB0-93F0-903E90429477}.Release|x64.ActiveCfg = Release|Any CPU
		{233FE55B-768E-4AB0-93F0-903E90429477}.Release|x86.ActiveCfg = Release|Any CPU
		{158AEA6B-24D7-4D9B-A6EC-08FD8B9B5011}.AppUp|Any CPU.ActiveCfg = Release|Any CPU
		{158AEA6B-24D7-4D9B-A6EC-08FD8B9B5011}.AppUp|Any CPU.Build.0 = Release|Any CPU
		{158AEA6B-24D7-4D9B-A6EC-08FD8B9B5011}.AppUp|x64.ActiveCfg = Release|x64
		{158AEA6B-24D7-4D9B-A6EC-08FD8B9B5011}.AppUp|x64.Build.0 = Release|x64
		{158AEA6B-24D7-4D9B-A6EC-08FD8B9B5011}.AppUp|x86.ActiveCfg = Release|x86
		{158AEA6B-24D7-4D9B-A6EC-08FD8B9B5011}.AppUp|x86.Build.0 = Release|x86
		{158AEA6B-24D7-4D9B-A6EC-08FD8B9B5011}.Debug|Any CPU.ActiveCfg = Debug|Any CPU
		{158AEA6B-24D7-4D9B-A6EC-08FD8B9B5011}.Debug|Any CPU.Build.0 = Debug|Any CPU
		{158AEA6B-24D7-4D9B-A6EC-08FD8B9B5011}.Debug|x64.ActiveCfg = Debug|x64
		{158AEA6B-24D7-4D9B-A6EC-08FD8B9B5011}.Debug|x64.Build.0 = Debug|x64
		{158AEA6B-24D7-4D9B-A6EC-08FD8B9B5011}.Debug|x86.ActiveCfg = Debug|x86
		{158AEA6B-24D7-4D9B-A6EC-08FD8B9B5011}.Debug|x86.Build.0 = Debug|x86
		{158AEA6B-24D7-4D9B-A6EC-08FD8B9B5011}.Release|Any CPU.ActiveCfg = Release|Any CPU
		{158AEA6B-24D7-4D9B-A6EC-08FD8B9B5011}.Release|Any CPU.Build.0 = Release|Any CPU
		{158AEA6B-24D7-4D9B-A6EC-08FD8B9B5011}.Release|x64.ActiveCfg = Release|x64
		{158AEA6B-24D7-4D9B-A6EC-08FD8B9B5011}.Release|x64.Build.0 = Release|x64
		{158AEA6B-24D7-4D9B-A6EC-08FD8B9B5011}.Release|x86.ActiveCfg = Release|x86
		{158AEA6B-24D7-4D9B-A6EC-08FD8B9B5011}.Release|x86.Build.0 = Release|x86
		{8405F81C-3889-4AA0-BF46-9F17EB5B12CF}.AppUp|Any CPU.ActiveCfg = Release|Any CPU
		{8405F81C-3889-4AA0-BF46-9F17EB5B12CF}.AppUp|Any CPU.Build.0 = Release|Any CPU
		{8405F81C-3889-4AA0-BF46-9F17EB5B12CF}.AppUp|x64.ActiveCfg = Release|Any CPU
		{8405F81C-3889-4AA0-BF46-9F17EB5B12CF}.AppUp|x86.ActiveCfg = Release|Any CPU
		{8405F81C-3889-4AA0-BF46-9F17EB5B12CF}.Debug|Any CPU.ActiveCfg = Debug|Any CPU
		{8405F81C-3889-4AA0-BF46-9F17EB5B12CF}.Debug|Any CPU.Build.0 = Debug|Any CPU
		{8405F81C-3889-4AA0-BF46-9F17EB5B12CF}.Debug|x64.ActiveCfg = Debug|Any CPU
		{8405F81C-3889-4AA0-BF46-9F17EB5B12CF}.Debug|x86.ActiveCfg = Debug|Any CPU
		{8405F81C-3889-4AA0-BF46-9F17EB5B12CF}.Release|Any CPU.ActiveCfg = Release|Any CPU
		{8405F81C-3889-4AA0-BF46-9F17EB5B12CF}.Release|Any CPU.Build.0 = Release|Any CPU
		{8405F81C-3889-4AA0-BF46-9F17EB5B12CF}.Release|x64.ActiveCfg = Release|Any CPU
		{8405F81C-3889-4AA0-BF46-9F17EB5B12CF}.Release|x86.ActiveCfg = Release|Any CPU
		{149AFC43-83EF-4549-B582-92C69456E12F}.AppUp|Any CPU.ActiveCfg = Release|Any CPU
		{149AFC43-83EF-4549-B582-92C69456E12F}.AppUp|Any CPU.Build.0 = Release|Any CPU
		{149AFC43-83EF-4549-B582-92C69456E12F}.AppUp|x64.ActiveCfg = Release|Any CPU
		{149AFC43-83EF-4549-B582-92C69456E12F}.AppUp|x86.ActiveCfg = Release|Any CPU
		{149AFC43-83EF-4549-B582-92C69456E12F}.Debug|Any CPU.ActiveCfg = Debug|Any CPU
		{149AFC43-83EF-4549-B582-92C69456E12F}.Debug|Any CPU.Build.0 = Debug|Any CPU
		{149AFC43-83EF-4549-B582-92C69456E12F}.Debug|x64.ActiveCfg = Debug|Any CPU
		{149AFC43-83EF-4549-B582-92C69456E12F}.Debug|x86.ActiveCfg = Debug|Any CPU
		{149AFC43-83EF-4549-B582-92C69456E12F}.Release|Any CPU.ActiveCfg = Release|Any CPU
		{149AFC43-83EF-4549-B582-92C69456E12F}.Release|Any CPU.Build.0 = Release|Any CPU
		{149AFC43-83EF-4549-B582-92C69456E12F}.Release|x64.ActiveCfg = Release|Any CPU
		{149AFC43-83EF-4549-B582-92C69456E12F}.Release|x86.ActiveCfg = Release|Any CPU
	EndGlobalSection
	GlobalSection(SolutionProperties) = preSolution
		HideSolutionNode = FALSE
	EndGlobalSection
EndGlobal
