
Microsoft Visual Studio Solution File, Format Version 12.00
# Visual Studio 2013
VisualStudioVersion = 12.0.40629.0
MinimumVisualStudioVersion = 10.0.40219.1
Project("{FAE04EC0-301F-11D3-BF4B-00C04F79EFBC}") = "Sumerics", "Sumerics\Sumerics.csproj", "{936CED45-07A3-47F7-8FF1-B6D2C456CC6A}"
	ProjectSection(ProjectDependencies) = postProject
		{6DD14A85-CCFC-4774-BD26-0F5772512319} = {6DD14A85-CCFC-4774-BD26-0F5772512319}
	EndProjectSection
EndProject
Project("{FAE04EC0-301F-11D3-BF4B-00C04F79EFBC}") = "Sumerics.UserControls", "Sumerics.UserControls\Sumerics.UserControls.csproj", "{87AE97E6-F957-441B-9315-CADEA63A847D}"
	ProjectSection(ProjectDependencies) = postProject
		{38EE1803-0F43-4EB3-9322-00A936F41548} = {38EE1803-0F43-4EB3-9322-00A936F41548}
	EndProjectSection
EndProject
Project("{FAE04EC0-301F-11D3-BF4B-00C04F79EFBC}") = "Sumerics.Scripts", "Sumerics.Scripts\Sumerics.Scripts.csproj", "{BE7752EF-094A-4AE3-836F-4E8689D51C2F}"
EndProject
Project("{FAE04EC0-301F-11D3-BF4B-00C04F79EFBC}") = "Sumerics.Console", "Sumerics.Console\Sumerics.Console.csproj", "{6DD14A85-CCFC-4774-BD26-0F5772512319}"
EndProject
Project("{FAE04EC0-301F-11D3-BF4B-00C04F79EFBC}") = "Sumerics.Plots3D", "Sumerics.Plots3D\Sumerics.Plots3D.csproj", "{38EE1803-0F43-4EB3-9322-00A936F41548}"
EndProject
Project("{FAE04EC0-301F-11D3-BF4B-00C04F79EFBC}") = "3DTools", "3DTools\3DTools.csproj", "{5F603892-DE40-4246-A969-1C6717AFE35D}"
EndProject
Project("{FAE04EC0-301F-11D3-BF4B-00C04F79EFBC}") = "Sumerics.Tests", "Sumerics.Tests\Sumerics.Tests.csproj", "{2C5AA625-8C55-49D7-8D6B-68001953E6A7}"
EndProject
Project("{FAE04EC0-301F-11D3-BF4B-00C04F79EFBC}") = "Sumerics.Commands", "Sumerics.Commands\Sumerics.Commands.csproj", "{F939F9E5-14DE-47C7-BDAF-9ED28A635AE8}"
EndProject
Project("{FAE04EC0-301F-11D3-BF4B-00C04F79EFBC}") = "Sumerics.Common", "Sumerics.Common\Sumerics.Common.csproj", "{1109E5EF-0473-46D7-9FF9-B686107EA5B7}"
EndProject
Project("{FAE04EC0-301F-11D3-BF4B-00C04F79EFBC}") = "Sumerics.Api", "Sumerics.Api\Sumerics.Api.csproj", "{701B551E-FE50-4333-A35F-86978B4175EB}"
EndProject
Project("{FAE04EC0-301F-11D3-BF4B-00C04F79EFBC}") = "Sumerics.MathInput", "Sumerics.MathInput\Sumerics.MathInput.csproj", "{42F72D64-3415-4424-A8C4-9FB906E889CC}"
EndProject
Global
	GlobalSection(SolutionConfigurationPlatforms) = preSolution
		AppUp|Any CPU = AppUp|Any CPU
		AppUp|x64 = AppUp|x64
		AppUp|x86 = AppUp|x86
		Debug|Any CPU = Debug|Any CPU
		Debug|x64 = Debug|x64
		Debug|x86 = Debug|x86
		Release|Any CPU = Release|Any CPU
		Release|x64 = Release|x64
		Release|x86 = Release|x86
	EndGlobalSection
	GlobalSection(ProjectConfigurationPlatforms) = postSolution
		{936CED45-07A3-47F7-8FF1-B6D2C456CC6A}.AppUp|Any CPU.ActiveCfg = AppUp|Any CPU
		{936CED45-07A3-47F7-8FF1-B6D2C456CC6A}.AppUp|Any CPU.Build.0 = AppUp|Any CPU
		{936CED45-07A3-47F7-8FF1-B6D2C456CC6A}.AppUp|x64.ActiveCfg = AppUp|x64
		{936CED45-07A3-47F7-8FF1-B6D2C456CC6A}.AppUp|x64.Build.0 = AppUp|x64
		{936CED45-07A3-47F7-8FF1-B6D2C456CC6A}.AppUp|x86.ActiveCfg = AppUp|x86
		{936CED45-07A3-47F7-8FF1-B6D2C456CC6A}.AppUp|x86.Build.0 = AppUp|x86
		{936CED45-07A3-47F7-8FF1-B6D2C456CC6A}.Debug|Any CPU.ActiveCfg = Debug|Any CPU
		{936CED45-07A3-47F7-8FF1-B6D2C456CC6A}.Debug|Any CPU.Build.0 = Debug|Any CPU
		{936CED45-07A3-47F7-8FF1-B6D2C456CC6A}.Debug|x64.ActiveCfg = Debug|x64
		{936CED45-07A3-47F7-8FF1-B6D2C456CC6A}.Debug|x64.Build.0 = Debug|x64
		{936CED45-07A3-47F7-8FF1-B6D2C456CC6A}.Debug|x86.ActiveCfg = Debug|x86
		{936CED45-07A3-47F7-8FF1-B6D2C456CC6A}.Debug|x86.Build.0 = Debug|x86
		{936CED45-07A3-47F7-8FF1-B6D2C456CC6A}.Release|Any CPU.ActiveCfg = Release|Any CPU
		{936CED45-07A3-47F7-8FF1-B6D2C456CC6A}.Release|Any CPU.Build.0 = Release|Any CPU
		{936CED45-07A3-47F7-8FF1-B6D2C456CC6A}.Release|x64.ActiveCfg = Release|x64
		{936CED45-07A3-47F7-8FF1-B6D2C456CC6A}.Release|x64.Build.0 = Release|x64
		{936CED45-07A3-47F7-8FF1-B6D2C456CC6A}.Release|x86.ActiveCfg = Release|x86
		{936CED45-07A3-47F7-8FF1-B6D2C456CC6A}.Release|x86.Build.0 = Release|x86
		{87AE97E6-F957-441B-9315-CADEA63A847D}.AppUp|Any CPU.ActiveCfg = AppUp|Any CPU
		{87AE97E6-F957-441B-9315-CADEA63A847D}.AppUp|Any CPU.Build.0 = AppUp|Any CPU
		{87AE97E6-F957-441B-9315-CADEA63A847D}.AppUp|x64.ActiveCfg = AppUp|x64
		{87AE97E6-F957-441B-9315-CADEA63A847D}.AppUp|x64.Build.0 = AppUp|x64
		{87AE97E6-F957-441B-9315-CADEA63A847D}.AppUp|x86.ActiveCfg = AppUp|x86
		{87AE97E6-F957-441B-9315-CADEA63A847D}.AppUp|x86.Build.0 = AppUp|x86
		{87AE97E6-F957-441B-9315-CADEA63A847D}.Debug|Any CPU.ActiveCfg = Debug|Any CPU
		{87AE97E6-F957-441B-9315-CADEA63A847D}.Debug|Any CPU.Build.0 = Debug|Any CPU
		{87AE97E6-F957-441B-9315-CADEA63A847D}.Debug|x64.ActiveCfg = Debug|x64
		{87AE97E6-F957-441B-9315-CADEA63A847D}.Debug|x64.Build.0 = Debug|x64
		{87AE97E6-F957-441B-9315-CADEA63A847D}.Debug|x86.ActiveCfg = Debug|x86
		{87AE97E6-F957-441B-9315-CADEA63A847D}.Debug|x86.Build.0 = Debug|x86
		{87AE97E6-F957-441B-9315-CADEA63A847D}.Release|Any CPU.ActiveCfg = Release|Any CPU
		{87AE97E6-F957-441B-9315-CADEA63A847D}.Release|Any CPU.Build.0 = Release|Any CPU
		{87AE97E6-F957-441B-9315-CADEA63A847D}.Release|x64.ActiveCfg = Release|x64
		{87AE97E6-F957-441B-9315-CADEA63A847D}.Release|x64.Build.0 = Release|x64
		{87AE97E6-F957-441B-9315-CADEA63A847D}.Release|x86.ActiveCfg = Release|x86
		{87AE97E6-F957-441B-9315-CADEA63A847D}.Release|x86.Build.0 = Release|x86
		{BE7752EF-094A-4AE3-836F-4E8689D51C2F}.AppUp|Any CPU.ActiveCfg = AppUp|Any CPU
		{BE7752EF-094A-4AE3-836F-4E8689D51C2F}.AppUp|Any CPU.Build.0 = AppUp|Any CPU
		{BE7752EF-094A-4AE3-836F-4E8689D51C2F}.AppUp|x64.ActiveCfg = AppUp|x64
		{BE7752EF-094A-4AE3-836F-4E8689D51C2F}.AppUp|x64.Build.0 = AppUp|x64
		{BE7752EF-094A-4AE3-836F-4E8689D51C2F}.AppUp|x86.ActiveCfg = AppUp|x86
		{BE7752EF-094A-4AE3-836F-4E8689D51C2F}.AppUp|x86.Build.0 = AppUp|x86
		{BE7752EF-094A-4AE3-836F-4E8689D51C2F}.Debug|Any CPU.ActiveCfg = Debug|Any CPU
		{BE7752EF-094A-4AE3-836F-4E8689D51C2F}.Debug|Any CPU.Build.0 = Debug|Any CPU
		{BE7752EF-094A-4AE3-836F-4E8689D51C2F}.Debug|x64.ActiveCfg = Debug|x64
		{BE7752EF-094A-4AE3-836F-4E8689D51C2F}.Debug|x64.Build.0 = Debug|x64
		{BE7752EF-094A-4AE3-836F-4E8689D51C2F}.Debug|x86.ActiveCfg = Debug|x86
		{BE7752EF-094A-4AE3-836F-4E8689D51C2F}.Debug|x86.Build.0 = Debug|x86
		{BE7752EF-094A-4AE3-836F-4E8689D51C2F}.Release|Any CPU.ActiveCfg = Release|Any CPU
		{BE7752EF-094A-4AE3-836F-4E8689D51C2F}.Release|Any CPU.Build.0 = Release|Any CPU
		{BE7752EF-094A-4AE3-836F-4E8689D51C2F}.Release|x64.ActiveCfg = Release|x64
		{BE7752EF-094A-4AE3-836F-4E8689D51C2F}.Release|x64.Build.0 = Release|x64
		{BE7752EF-094A-4AE3-836F-4E8689D51C2F}.Release|x86.ActiveCfg = Release|x86
		{BE7752EF-094A-4AE3-836F-4E8689D51C2F}.Release|x86.Build.0 = Release|x86
		{6DD14A85-CCFC-4774-BD26-0F5772512319}.AppUp|Any CPU.ActiveCfg = Release|Any CPU
		{6DD14A85-CCFC-4774-BD26-0F5772512319}.AppUp|Any CPU.Build.0 = Release|Any CPU
		{6DD14A85-CCFC-4774-BD26-0F5772512319}.AppUp|x64.ActiveCfg = Release|x64
		{6DD14A85-CCFC-4774-BD26-0F5772512319}.AppUp|x64.Build.0 = Release|x64
		{6DD14A85-CCFC-4774-BD26-0F5772512319}.AppUp|x86.ActiveCfg = Release|x86
		{6DD14A85-CCFC-4774-BD26-0F5772512319}.AppUp|x86.Build.0 = Release|x86
		{6DD14A85-CCFC-4774-BD26-0F5772512319}.Debug|Any CPU.ActiveCfg = Debug|Any CPU
		{6DD14A85-CCFC-4774-BD26-0F5772512319}.Debug|Any CPU.Build.0 = Debug|Any CPU
		{6DD14A85-CCFC-4774-BD26-0F5772512319}.Debug|x64.ActiveCfg = Debug|x64
		{6DD14A85-CCFC-4774-BD26-0F5772512319}.Debug|x64.Build.0 = Debug|x64
		{6DD14A85-CCFC-4774-BD26-0F5772512319}.Debug|x86.ActiveCfg = Debug|x86
		{6DD14A85-CCFC-4774-BD26-0F5772512319}.Debug|x86.Build.0 = Debug|x86
		{6DD14A85-CCFC-4774-BD26-0F5772512319}.Release|Any CPU.ActiveCfg = Release|Any CPU
		{6DD14A85-CCFC-4774-BD26-0F5772512319}.Release|Any CPU.Build.0 = Release|Any CPU
		{6DD14A85-CCFC-4774-BD26-0F5772512319}.Release|x64.ActiveCfg = Release|x64
		{6DD14A85-CCFC-4774-BD26-0F5772512319}.Release|x64.Build.0 = Release|x64
		{6DD14A85-CCFC-4774-BD26-0F5772512319}.Release|x86.ActiveCfg = Release|x86
		{6DD14A85-CCFC-4774-BD26-0F5772512319}.Release|x86.Build.0 = Release|x86
		{38EE1803-0F43-4EB3-9322-00A936F41548}.AppUp|Any CPU.ActiveCfg = Release|Any CPU
		{38EE1803-0F43-4EB3-9322-00A936F41548}.AppUp|Any CPU.Build.0 = Release|Any CPU
		{38EE1803-0F43-4EB3-9322-00A936F41548}.AppUp|x64.ActiveCfg = Release|x64
		{38EE1803-0F43-4EB3-9322-00A936F41548}.AppUp|x64.Build.0 = Release|x64
		{38EE1803-0F43-4EB3-9322-00A936F41548}.AppUp|x86.ActiveCfg = Release|x86
		{38EE1803-0F43-4EB3-9322-00A936F41548}.AppUp|x86.Build.0 = Release|x86
		{38EE1803-0F43-4EB3-9322-00A936F41548}.Debug|Any CPU.ActiveCfg = Debug|Any CPU
		{38EE1803-0F43-4EB3-9322-00A936F41548}.Debug|Any CPU.Build.0 = Debug|Any CPU
		{38EE1803-0F43-4EB3-9322-00A936F41548}.Debug|x64.ActiveCfg = Debug|x64
		{38EE1803-0F43-4EB3-9322-00A936F41548}.Debug|x64.Build.0 = Debug|x64
		{38EE1803-0F43-4EB3-9322-00A936F41548}.Debug|x86.ActiveCfg = Debug|x86
		{38EE1803-0F43-4EB3-9322-00A936F41548}.Debug|x86.Build.0 = Debug|x86
		{38EE1803-0F43-4EB3-9322-00A936F41548}.Release|Any CPU.ActiveCfg = Release|Any CPU
		{38EE1803-0F43-4EB3-9322-00A936F41548}.Release|Any CPU.Build.0 = Release|Any CPU
		{38EE1803-0F43-4EB3-9322-00A936F41548}.Release|x64.ActiveCfg = Release|x64
		{38EE1803-0F43-4EB3-9322-00A936F41548}.Release|x64.Build.0 = Release|x64
		{38EE1803-0F43-4EB3-9322-00A936F41548}.Release|x86.ActiveCfg = Release|x86
		{38EE1803-0F43-4EB3-9322-00A936F41548}.Release|x86.Build.0 = Release|x86
		{5F603892-DE40-4246-A969-1C6717AFE35D}.AppUp|Any CPU.ActiveCfg = Release|Any CPU
		{5F603892-DE40-4246-A969-1C6717AFE35D}.AppUp|Any CPU.Build.0 = Release|Any CPU
		{5F603892-DE40-4246-A969-1C6717AFE35D}.AppUp|x64.ActiveCfg = Release|Any CPU
		{5F603892-DE40-4246-A969-1C6717AFE35D}.AppUp|x86.ActiveCfg = Release|Any CPU
		{5F603892-DE40-4246-A969-1C6717AFE35D}.Debug|Any CPU.ActiveCfg = Debug|Any CPU
		{5F603892-DE40-4246-A969-1C6717AFE35D}.Debug|Any CPU.Build.0 = Debug|Any CPU
		{5F603892-DE40-4246-A969-1C6717AFE35D}.Debug|x64.ActiveCfg = Debug|Any CPU
		{5F603892-DE40-4246-A969-1C6717AFE35D}.Debug|x86.ActiveCfg = Debug|Any CPU
		{5F603892-DE40-4246-A969-1C6717AFE35D}.Release|Any CPU.ActiveCfg = Release|Any CPU
		{5F603892-DE40-4246-A969-1C6717AFE35D}.Release|Any CPU.Build.0 = Release|Any CPU
		{5F603892-DE40-4246-A969-1C6717AFE35D}.Release|x64.ActiveCfg = Release|Any CPU
		{5F603892-DE40-4246-A969-1C6717AFE35D}.Release|x86.ActiveCfg = Release|Any CPU
		{2C5AA625-8C55-49D7-8D6B-68001953E6A7}.AppUp|Any CPU.ActiveCfg = Release|Any CPU
		{2C5AA625-8C55-49D7-8D6B-68001953E6A7}.AppUp|Any CPU.Build.0 = Release|Any CPU
		{2C5AA625-8C55-49D7-8D6B-68001953E6A7}.AppUp|x64.ActiveCfg = Release|Any CPU
		{2C5AA625-8C55-49D7-8D6B-68001953E6A7}.AppUp|x86.ActiveCfg = Release|Any CPU
		{2C5AA625-8C55-49D7-8D6B-68001953E6A7}.Debug|Any CPU.ActiveCfg = Debug|Any CPU
		{2C5AA625-8C55-49D7-8D6B-68001953E6A7}.Debug|Any CPU.Build.0 = Debug|Any CPU
		{2C5AA625-8C55-49D7-8D6B-68001953E6A7}.Debug|x64.ActiveCfg = Debug|Any CPU
		{2C5AA625-8C55-49D7-8D6B-68001953E6A7}.Debug|x86.ActiveCfg = Debug|Any CPU
		{2C5AA625-8C55-49D7-8D6B-68001953E6A7}.Release|Any CPU.ActiveCfg = Release|Any CPU
		{2C5AA625-8C55-49D7-8D6B-68001953E6A7}.Release|Any CPU.Build.0 = Release|Any CPU
		{2C5AA625-8C55-49D7-8D6B-68001953E6A7}.Release|x64.ActiveCfg = Release|Any CPU
		{2C5AA625-8C55-49D7-8D6B-68001953E6A7}.Release|x86.ActiveCfg = Release|Any CPU
		{F939F9E5-14DE-47C7-BDAF-9ED28A635AE8}.AppUp|Any CPU.ActiveCfg = Release|Any CPU
		{F939F9E5-14DE-47C7-BDAF-9ED28A635AE8}.AppUp|Any CPU.Build.0 = Release|Any CPU
		{F939F9E5-14DE-47C7-BDAF-9ED28A635AE8}.AppUp|x64.ActiveCfg = Release|Any CPU
		{F939F9E5-14DE-47C7-BDAF-9ED28A635AE8}.AppUp|x86.ActiveCfg = Release|Any CPU
		{F939F9E5-14DE-47C7-BDAF-9ED28A635AE8}.Debug|Any CPU.ActiveCfg = Debug|Any CPU
		{F939F9E5-14DE-47C7-BDAF-9ED28A635AE8}.Debug|Any CPU.Build.0 = Debug|Any CPU
		{F939F9E5-14DE-47C7-BDAF-9ED28A635AE8}.Debug|x64.ActiveCfg = Debug|Any CPU
		{F939F9E5-14DE-47C7-BDAF-9ED28A635AE8}.Debug|x86.ActiveCfg = Debug|Any CPU
		{F939F9E5-14DE-47C7-BDAF-9ED28A635AE8}.Release|Any CPU.ActiveCfg = Release|Any CPU
		{F939F9E5-14DE-47C7-BDAF-9ED28A635AE8}.Release|Any CPU.Build.0 = Release|Any CPU
		{F939F9E5-14DE-47C7-BDAF-9ED28A635AE8}.Release|x64.ActiveCfg = Release|Any CPU
		{F939F9E5-14DE-47C7-BDAF-9ED28A635AE8}.Release|x86.ActiveCfg = Release|Any CPU
		{1109E5EF-0473-46D7-9FF9-B686107EA5B7}.AppUp|Any CPU.ActiveCfg = Release|Any CPU
		{1109E5EF-0473-46D7-9FF9-B686107EA5B7}.AppUp|Any CPU.Build.0 = Release|Any CPU
		{1109E5EF-0473-46D7-9FF9-B686107EA5B7}.AppUp|x64.ActiveCfg = Release|Any CPU
		{1109E5EF-0473-46D7-9FF9-B686107EA5B7}.AppUp|x86.ActiveCfg = Release|Any CPU
		{1109E5EF-0473-46D7-9FF9-B686107EA5B7}.Debug|Any CPU.ActiveCfg = Debug|Any CPU
		{1109E5EF-0473-46D7-9FF9-B686107EA5B7}.Debug|Any CPU.Build.0 = Debug|Any CPU
		{1109E5EF-0473-46D7-9FF9-B686107EA5B7}.Debug|x64.ActiveCfg = Debug|Any CPU
		{1109E5EF-0473-46D7-9FF9-B686107EA5B7}.Debug|x86.ActiveCfg = Debug|Any CPU
		{1109E5EF-0473-46D7-9FF9-B686107EA5B7}.Release|Any CPU.ActiveCfg = Release|Any CPU
		{1109E5EF-0473-46D7-9FF9-B686107EA5B7}.Release|Any CPU.Build.0 = Release|Any CPU
		{1109E5EF-0473-46D7-9FF9-B686107EA5B7}.Release|x64.ActiveCfg = Release|Any CPU
		{1109E5EF-0473-46D7-9FF9-B686107EA5B7}.Release|x86.ActiveCfg = Release|Any CPU
		{701B551E-FE50-4333-A35F-86978B4175EB}.AppUp|Any CPU.ActiveCfg = Release|Any CPU
		{701B551E-FE50-4333-A35F-86978B4175EB}.AppUp|Any CPU.Build.0 = Release|Any CPU
		{701B551E-FE50-4333-A35F-86978B4175EB}.AppUp|x64.ActiveCfg = Release|Any CPU
		{701B551E-FE50-4333-A35F-86978B4175EB}.AppUp|x86.ActiveCfg = Release|Any CPU
		{701B551E-FE50-4333-A35F-86978B4175EB}.Debug|Any CPU.ActiveCfg = Debug|Any CPU
		{701B551E-FE50-4333-A35F-86978B4175EB}.Debug|Any CPU.Build.0 = Debug|Any CPU
		{701B551E-FE50-4333-A35F-86978B4175EB}.Debug|x64.ActiveCfg = Debug|Any CPU
		{701B551E-FE50-4333-A35F-86978B4175EB}.Debug|x86.ActiveCfg = Debug|Any CPU
		{701B551E-FE50-4333-A35F-86978B4175EB}.Release|Any CPU.ActiveCfg = Release|Any CPU
		{701B551E-FE50-4333-A35F-86978B4175EB}.Release|Any CPU.Build.0 = Release|Any CPU
		{701B551E-FE50-4333-A35F-86978B4175EB}.Release|x64.ActiveCfg = Release|Any CPU
		{701B551E-FE50-4333-A35F-86978B4175EB}.Release|x86.ActiveCfg = Release|Any CPU
		{42F72D64-3415-4424-A8C4-9FB906E889CC}.AppUp|Any CPU.ActiveCfg = Release|Any CPU
		{42F72D64-3415-4424-A8C4-9FB906E889CC}.AppUp|Any CPU.Build.0 = Release|Any CPU
		{42F72D64-3415-4424-A8C4-9FB906E889CC}.AppUp|x64.ActiveCfg = Release|Any CPU
		{42F72D64-3415-4424-A8C4-9FB906E889CC}.AppUp|x86.ActiveCfg = Release|Any CPU
		{42F72D64-3415-4424-A8C4-9FB906E889CC}.Debug|Any CPU.ActiveCfg = Debug|Any CPU
		{42F72D64-3415-4424-A8C4-9FB906E889CC}.Debug|Any CPU.Build.0 = Debug|Any CPU
		{42F72D64-3415-4424-A8C4-9FB906E889CC}.Debug|x64.ActiveCfg = Debug|Any CPU
		{42F72D64-3415-4424-A8C4-9FB906E889CC}.Debug|x86.ActiveCfg = Debug|Any CPU
		{42F72D64-3415-4424-A8C4-9FB906E889CC}.Release|Any CPU.ActiveCfg = Release|Any CPU
		{42F72D64-3415-4424-A8C4-9FB906E889CC}.Release|Any CPU.Build.0 = Release|Any CPU
		{42F72D64-3415-4424-A8C4-9FB906E889CC}.Release|x64.ActiveCfg = Release|Any CPU
		{42F72D64-3415-4424-A8C4-9FB906E889CC}.Release|x86.ActiveCfg = Release|Any CPU
	EndGlobalSection
	GlobalSection(SolutionProperties) = preSolution
		HideSolutionNode = FALSE
	EndGlobalSection
EndGlobal
